
Microsoft Visual Studio Solution File, Format Version 12.00
# Visual Studio 14
VisualStudioVersion = 14.0.25420.1
MinimumVisualStudioVersion = 10.0.40219.1
Project("{FAE04EC0-301F-11D3-BF4B-00C04F79EFBC}") = "352-Git-Test", "352-Git-Test\352-Git-Test.csproj", "{822BDC18-A01B-44E6-89CA-A395A4FD22EF}"
EndProject
Global
	GlobalSection(SolutionConfigurationPlatforms) = preSolution
		Debug|Any CPU = Debug|Any CPU
		Release|Any CPU = Release|Any CPU
	EndGlobalSection
	GlobalSection(ProjectConfigurationPlatforms) = postSolution
		{822BDC18-A01B-44E6-89CA-A395A4FD22EF}.Debug|Any CPU.ActiveCfg = Debug|Any CPU
		{822BDC18-A01B-44E6-89CA-A395A4FD22EF}.Debug|Any CPU.Build.0 = Debug|Any CPU
		{822BDC18-A01B-44E6-89CA-A395A4FD22EF}.Release|Any CPU.ActiveCfg = Release|Any CPU
		{822BDC18-A01B-44E6-89CA-A395A4FD22EF}.Release|Any CPU.Build.0 = Release|Any CPU
	EndGlobalSection
	GlobalSection(SolutionProperties) = preSolution
		HideSolutionNode = FALSE
	EndGlobalSection
EndGlobal
